{
  "name": "project_2",
  "version": "1.0.0",
  "lockfileVersion": 1,
  "requires": true,
  "dependencies": {
    "crypto-js": {
      "version": "3.1.9-1",
      "resolved": "https://registry.npmjs.org/crypto-js/-/crypto-js-3.1.9-1.tgz",
      "integrity": "sha1-/aGedh/Ad+Af+/3G6f38WeiAbNg="
    },
    "leve": {
      "version": "1.2.1",
      "resolved": "https://registry.npmjs.org/leve/-/leve-1.2.1.tgz",
      "integrity": "sha1-GT5u7aIq97+x20i95l+kPFeqDbM=",
      "requires": {
        "prelude-ls": "~1.0.3"
      }
    },
    "prelude-ls": {
      "version": "1.0.3",
      "resolved": "https://registry.npmjs.org/prelude-ls/-/prelude-ls-1.0.3.tgz",
      "integrity": "sha1-RDkgzolAqClLmT+/zuY7mokg3OA="
    }
  }
}
